
Microsoft Visual Studio Solution File, Format Version 12.00
# Visual Studio 15
VisualStudioVersion = 15.0.25920.0
MinimumVisualStudioVersion = 10.0.40219.1
Project("{2150E333-8FDC-42A3-9474-1A3956D46DE8}") = "src", "src", "{CE6B9010-3A87-4217-954A-610CA0DDA92F}"
EndProject
Project("{FAE04EC0-301F-11D3-BF4B-00C04F79EFBC}") = "Utilitywarehouse.OpsEndpoints", "src\Utilitywarehouse.OpsEndpoints\Utilitywarehouse.OpsEndpoints.csproj", "{ECF49813-2B0B-441F-838F-35581A197D63}"
EndProject
Global
	GlobalSection(SolutionConfigurationPlatforms) = preSolution
		Debug|Any CPU = Debug|Any CPU
		Release|Any CPU = Release|Any CPU
	EndGlobalSection
	GlobalSection(ProjectConfigurationPlatforms) = postSolution
		{ECF49813-2B0B-441F-838F-35581A197D63}.Debug|Any CPU.ActiveCfg = Debug|Any CPU
		{ECF49813-2B0B-441F-838F-35581A197D63}.Debug|Any CPU.Build.0 = Debug|Any CPU
		{ECF49813-2B0B-441F-838F-35581A197D63}.Release|Any CPU.ActiveCfg = Release|Any CPU
		{ECF49813-2B0B-441F-838F-35581A197D63}.Release|Any CPU.Build.0 = Release|Any CPU
	EndGlobalSection
	GlobalSection(SolutionProperties) = preSolution
		HideSolutionNode = FALSE
	EndGlobalSection
	GlobalSection(NestedProjects) = preSolution
		{ECF49813-2B0B-441F-838F-35581A197D63} = {CE6B9010-3A87-4217-954A-610CA0DDA92F}
	EndGlobalSection
EndGlobal
